// !$*UTF8*$!
{
	archiveVersion = 1;
	classes = {
	};
	objectVersion = 46;
	objects = {

/* Begin PBXBuildFile section */
		4D22AC5C1E6E36B20006EDA0 /* DelegateProxy.h in Headers */ = {isa = PBXBuildFile; fileRef = 4D22AC5A1E6E36B20006EDA0 /* DelegateProxy.h */; };
		4D22AC5D1E6E36B20006EDA0 /* DelegateProxy.m in Sources */ = {isa = PBXBuildFile; fileRef = 4D22AC5B1E6E36B20006EDA0 /* DelegateProxy.m */; };
		4D2F15C31DF2D570000A5172 /* BackgroundEffect.swift in Sources */ = {isa = PBXBuildFile; fileRef = 4D2F15C21DF2D570000A5172 /* BackgroundEffect.swift */; };
		4D5A35191DDB21DB00ED9D54 /* PullToDismiss.swift in Sources */ = {isa = PBXBuildFile; fileRef = 4D5A35181DDB21DB00ED9D54 /* PullToDismiss.swift */; };
		4D5A351F1DDBF18B00ED9D54 /* PullToDismiss+Proxy.swift in Sources */ = {isa = PBXBuildFile; fileRef = 4D5A351E1DDBF18B00ED9D54 /* PullToDismiss+Proxy.swift */; };
		4D870AAB1DDAA0CD00575A28 /* PullToDismiss.framework in Frameworks */ = {isa = PBXBuildFile; fileRef = 4D870AA11DDAA0CD00575A28 /* PullToDismiss.framework */; };
		4D870AB01DDAA0CD00575A28 /* PullToDismissTests.swift in Sources */ = {isa = PBXBuildFile; fileRef = 4D870AAF1DDAA0CD00575A28 /* PullToDismissTests.swift */; };
		4D870AB21DDAA0CD00575A28 /* PullToDismiss.h in Headers */ = {isa = PBXBuildFile; fileRef = 4D870AA41DDAA0CD00575A28 /* PullToDismiss.h */; settings = {ATTRIBUTES = (Public, ); }; };
		4D9D97C51DF058C700C10C87 /* CustomBlurView.swift in Sources */ = {isa = PBXBuildFile; fileRef = 4D9D97C41DF058C700C10C87 /* CustomBlurView.swift */; };
		4DBDB74F1E1F69770068AA1F /* EdgeShadow.swift in Sources */ = {isa = PBXBuildFile; fileRef = 4DBDB74E1E1F69770068AA1F /* EdgeShadow.swift */; };
		4DBDB7511E1F6FFA0068AA1F /* UIView+EdgeShadow.swift in Sources */ = {isa = PBXBuildFile; fileRef = 4DBDB7501E1F6FFA0068AA1F /* UIView+EdgeShadow.swift */; };
/* End PBXBuildFile section */

/* Begin PBXContainerItemProxy section */
		4D870AAC1DDAA0CD00575A28 /* PBXContainerItemProxy */ = {
			isa = PBXContainerItemProxy;
			containerPortal = 4D870A981DDAA0CD00575A28 /* Project object */;
			proxyType = 1;
			remoteGlobalIDString = 4D870AA01DDAA0CD00575A28;
			remoteInfo = PullToDismiss;
		};
/* End PBXContainerItemProxy section */

/* Begin PBXFileReference section */
		4D22AC5A1E6E36B20006EDA0 /* DelegateProxy.h */ = {isa = PBXFileReference; fileEncoding = 4; lastKnownFileType = sourcecode.c.h; path = DelegateProxy.h; sourceTree = "<group>"; };
		4D22AC5B1E6E36B20006EDA0 /* DelegateProxy.m */ = {isa = PBXFileReference; fileEncoding = 4; lastKnownFileType = sourcecode.c.objc; path = DelegateProxy.m; sourceTree = "<group>"; };
		4D2F15C21DF2D570000A5172 /* BackgroundEffect.swift */ = {isa = PBXFileReference; fileEncoding = 4; lastKnownFileType = sourcecode.swift; path = BackgroundEffect.swift; sourceTree = "<group>"; };
		4D5A35181DDB21DB00ED9D54 /* PullToDismiss.swift */ = {isa = PBXFileReference; fileEncoding = 4; lastKnownFileType = sourcecode.swift; path = PullToDismiss.swift; sourceTree = "<group>"; };
		4D5A351E1DDBF18B00ED9D54 /* PullToDismiss+Proxy.swift */ = {isa = PBXFileReference; fileEncoding = 4; lastKnownFileType = sourcecode.swift; path = "PullToDismiss+Proxy.swift"; sourceTree = "<group>"; };
		4D870AA11DDAA0CD00575A28 /* PullToDismiss.framework */ = {isa = PBXFileReference; explicitFileType = wrapper.framework; includeInIndex = 0; path = PullToDismiss.framework; sourceTree = BUILT_PRODUCTS_DIR; };
		4D870AA41DDAA0CD00575A28 /* PullToDismiss.h */ = {isa = PBXFileReference; lastKnownFileType = sourcecode.c.h; path = PullToDismiss.h; sourceTree = "<group>"; };
		4D870AA51DDAA0CD00575A28 /* Info.plist */ = {isa = PBXFileReference; lastKnownFileType = text.plist.xml; path = Info.plist; sourceTree = "<group>"; };
		4D870AAA1DDAA0CD00575A28 /* PullToDismissTests.xctest */ = {isa = PBXFileReference; explicitFileType = wrapper.cfbundle; includeInIndex = 0; path = PullToDismissTests.xctest; sourceTree = BUILT_PRODUCTS_DIR; };
		4D870AAF1DDAA0CD00575A28 /* PullToDismissTests.swift */ = {isa = PBXFileReference; lastKnownFileType = sourcecode.swift; path = PullToDismissTests.swift; sourceTree = "<group>"; };
		4D870AB11DDAA0CD00575A28 /* Info.plist */ = {isa = PBXFileReference; lastKnownFileType = text.plist.xml; path = Info.plist; sourceTree = "<group>"; };
		4D9D97C41DF058C700C10C87 /* CustomBlurView.swift */ = {isa = PBXFileReference; fileEncoding = 4; lastKnownFileType = sourcecode.swift; path = CustomBlurView.swift; sourceTree = "<group>"; };
		4DBDB74E1E1F69770068AA1F /* EdgeShadow.swift */ = {isa = PBXFileReference; fileEncoding = 4; lastKnownFileType = sourcecode.swift; path = EdgeShadow.swift; sourceTree = "<group>"; };
		4DBDB7501E1F6FFA0068AA1F /* UIView+EdgeShadow.swift */ = {isa = PBXFileReference; fileEncoding = 4; lastKnownFileType = sourcecode.swift; path = "UIView+EdgeShadow.swift"; sourceTree = "<group>"; };
/* End PBXFileReference section */

/* Begin PBXFrameworksBuildPhase section */
		4D870A9D1DDAA0CD00575A28 /* Frameworks */ = {
			isa = PBXFrameworksBuildPhase;
			buildActionMask = 2147483647;
			files = (
			);
			runOnlyForDeploymentPostprocessing = 0;
		};
		4D870AA71DDAA0CD00575A28 /* Frameworks */ = {
			isa = PBXFrameworksBuildPhase;
			buildActionMask = 2147483647;
			files = (
				4D870AAB1DDAA0CD00575A28 /* PullToDismiss.framework in Frameworks */,
			);
			runOnlyForDeploymentPostprocessing = 0;
		};
/* End PBXFrameworksBuildPhase section */

/* Begin PBXGroup section */
		4D5A35171DDB21DB00ED9D54 /* Sources */ = {
			isa = PBXGroup;
			children = (
				4D5A35181DDB21DB00ED9D54 /* PullToDismiss.swift */,
				4D2F15C21DF2D570000A5172 /* BackgroundEffect.swift */,
				4D5A351E1DDBF18B00ED9D54 /* PullToDismiss+Proxy.swift */,
				4D9D97C41DF058C700C10C87 /* CustomBlurView.swift */,
				4DBDB74E1E1F69770068AA1F /* EdgeShadow.swift */,
				4DBDB7501E1F6FFA0068AA1F /* UIView+EdgeShadow.swift */,
				4D22AC5A1E6E36B20006EDA0 /* DelegateProxy.h */,
				4D22AC5B1E6E36B20006EDA0 /* DelegateProxy.m */,
			);
			path = Sources;
			sourceTree = "<group>";
		};
		4D870A971DDAA0CD00575A28 = {
			isa = PBXGroup;
			children = (
				4D5A35171DDB21DB00ED9D54 /* Sources */,
				4D870AA31DDAA0CD00575A28 /* PullToDismiss */,
				4D870AAE1DDAA0CD00575A28 /* PullToDismissTests */,
				4D870AA21DDAA0CD00575A28 /* Products */,
			);
			sourceTree = "<group>";
		};
		4D870AA21DDAA0CD00575A28 /* Products */ = {
			isa = PBXGroup;
			children = (
				4D870AA11DDAA0CD00575A28 /* PullToDismiss.framework */,
				4D870AAA1DDAA0CD00575A28 /* PullToDismissTests.xctest */,
			);
			name = Products;
			sourceTree = "<group>";
		};
		4D870AA31DDAA0CD00575A28 /* PullToDismiss */ = {
			isa = PBXGroup;
			children = (
				4D870AA41DDAA0CD00575A28 /* PullToDismiss.h */,
				4D870AA51DDAA0CD00575A28 /* Info.plist */,
			);
			path = PullToDismiss;
			sourceTree = "<group>";
		};
		4D870AAE1DDAA0CD00575A28 /* PullToDismissTests */ = {
			isa = PBXGroup;
			children = (
				4D870AAF1DDAA0CD00575A28 /* PullToDismissTests.swift */,
				4D870AB11DDAA0CD00575A28 /* Info.plist */,
			);
			path = PullToDismissTests;
			sourceTree = "<group>";
		};
/* End PBXGroup section */

/* Begin PBXHeadersBuildPhase section */
		4D870A9E1DDAA0CD00575A28 /* Headers */ = {
			isa = PBXHeadersBuildPhase;
			buildActionMask = 2147483647;
			files = (
				4D22AC5C1E6E36B20006EDA0 /* DelegateProxy.h in Headers */,
				4D870AB21DDAA0CD00575A28 /* PullToDismiss.h in Headers */,
			);
			runOnlyForDeploymentPostprocessing = 0;
		};
/* End PBXHeadersBuildPhase section */

/* Begin PBXNativeTarget section */
		4D870AA01DDAA0CD00575A28 /* PullToDismiss */ = {
			isa = PBXNativeTarget;
			buildConfigurationList = 4D870AB51DDAA0CD00575A28 /* Build configuration list for PBXNativeTarget "PullToDismiss" */;
			buildPhases = (
				4D870A9C1DDAA0CD00575A28 /* Sources */,
				4D870A9D1DDAA0CD00575A28 /* Frameworks */,
				4D870A9E1DDAA0CD00575A28 /* Headers */,
				4D870A9F1DDAA0CD00575A28 /* Resources */,
				4D2F15C41DF30884000A5172 /* Swiftlint */,
			);
			buildRules = (
			);
			dependencies = (
			);
			name = PullToDismiss;
			productName = PullToDismiss;
			productReference = 4D870AA11DDAA0CD00575A28 /* PullToDismiss.framework */;
			productType = "com.apple.product-type.framework";
		};
		4D870AA91DDAA0CD00575A28 /* PullToDismissTests */ = {
			isa = PBXNativeTarget;
			buildConfigurationList = 4D870AB81DDAA0CD00575A28 /* Build configuration list for PBXNativeTarget "PullToDismissTests" */;
			buildPhases = (
				4D870AA61DDAA0CD00575A28 /* Sources */,
				4D870AA71DDAA0CD00575A28 /* Frameworks */,
				4D870AA81DDAA0CD00575A28 /* Resources */,
			);
			buildRules = (
			);
			dependencies = (
				4D870AAD1DDAA0CD00575A28 /* PBXTargetDependency */,
			);
			name = PullToDismissTests;
			productName = PullToDismissTests;
			productReference = 4D870AAA1DDAA0CD00575A28 /* PullToDismissTests.xctest */;
			productType = "com.apple.product-type.bundle.unit-test";
		};
/* End PBXNativeTarget section */

/* Begin PBXProject section */
		4D870A981DDAA0CD00575A28 /* Project object */ = {
			isa = PBXProject;
			attributes = {
				LastSwiftUpdateCheck = 0810;
				LastUpgradeCheck = 0810;
				ORGANIZATIONNAME = "Suguru Kishimoto";
				TargetAttributes = {
					4D870AA01DDAA0CD00575A28 = {
						CreatedOnToolsVersion = 8.1;
						DevelopmentTeam = KW3G83N6K6;
						LastSwiftMigration = 0820;
						ProvisioningStyle = Automatic;
					};
					4D870AA91DDAA0CD00575A28 = {
						CreatedOnToolsVersion = 8.1;
						DevelopmentTeam = KW3G83N6K6;
						ProvisioningStyle = Automatic;
					};
				};
			};
			buildConfigurationList = 4D870A9B1DDAA0CD00575A28 /* Build configuration list for PBXProject "PullToDismiss" */;
			compatibilityVersion = "Xcode 3.2";
			developmentRegion = English;
			hasScannedForEncodings = 0;
			knownRegions = (
				en,
			);
			mainGroup = 4D870A971DDAA0CD00575A28;
			productRefGroup = 4D870AA21DDAA0CD00575A28 /* Products */;
			projectDirPath = "";
			projectRoot = "";
			targets = (
				4D870AA01DDAA0CD00575A28 /* PullToDismiss */,
				4D870AA91DDAA0CD00575A28 /* PullToDismissTests */,
			);
		};
/* End PBXProject section */

/* Begin PBXResourcesBuildPhase section */
		4D870A9F1DDAA0CD00575A28 /* Resources */ = {
			isa = PBXResourcesBuildPhase;
			buildActionMask = 2147483647;
			files = (
			);
			runOnlyForDeploymentPostprocessing = 0;
		};
		4D870AA81DDAA0CD00575A28 /* Resources */ = {
			isa = PBXResourcesBuildPhase;
			buildActionMask = 2147483647;
			files = (
			);
			runOnlyForDeploymentPostprocessing = 0;
		};
/* End PBXResourcesBuildPhase section */

/* Begin PBXShellScriptBuildPhase section */
		4D2F15C41DF30884000A5172 /* Swiftlint */ = {
			isa = PBXShellScriptBuildPhase;
			buildActionMask = 2147483647;
			files = (
			);
			inputPaths = (
			);
			name = Swiftlint;
			outputPaths = (
			);
			runOnlyForDeploymentPostprocessing = 0;
			shellPath = /bin/sh;
			shellScript = "if which swiftlint >/dev/null; then\n  swiftlint\nelse\n  echo \"warning: SwiftLint not installed, download from https://github.com/realm/SwiftLint\"\nfi";
		};
/* End PBXShellScriptBuildPhase section */

/* Begin PBXSourcesBuildPhase section */
		4D870A9C1DDAA0CD00575A28 /* Sources */ = {
			isa = PBXSourcesBuildPhase;
			buildActionMask = 2147483647;
			files = (
				4DBDB74F1E1F69770068AA1F /* EdgeShadow.swift in Sources */,
				4D5A35191DDB21DB00ED9D54 /* PullToDismiss.swift in Sources */,
				4D5A351F1DDBF18B00ED9D54 /* PullToDismiss+Proxy.swift in Sources */,
				4DBDB7511E1F6FFA0068AA1F /* UIView+EdgeShadow.swift in Sources */,
				4D2F15C31DF2D570000A5172 /* BackgroundEffect.swift in Sources */,
				4D22AC5D1E6E36B20006EDA0 /* DelegateProxy.m in Sources */,
				4D9D97C51DF058C700C10C87 /* CustomBlurView.swift in Sources */,
			);
			runOnlyForDeploymentPostprocessing = 0;
		};
		4D870AA61DDAA0CD00575A28 /* Sources */ = {
			isa = PBXSourcesBuildPhase;
			buildActionMask = 2147483647;
			files = (
				4D870AB01DDAA0CD00575A28 /* PullToDismissTests.swift in Sources */,
			);
			runOnlyForDeploymentPostprocessing = 0;
		};
/* End PBXSourcesBuildPhase section */

/* Begin PBXTargetDependency section */
		4D870AAD1DDAA0CD00575A28 /* PBXTargetDependency */ = {
			isa = PBXTargetDependency;
			target = 4D870AA01DDAA0CD00575A28 /* PullToDismiss */;
			targetProxy = 4D870AAC1DDAA0CD00575A28 /* PBXContainerItemProxy */;
		};
/* End PBXTargetDependency section */

/* Begin XCBuildConfiguration section */
		4D870AB31DDAA0CD00575A28 /* Debug */ = {
			isa = XCBuildConfiguration;
			buildSettings = {
				ALWAYS_SEARCH_USER_PATHS = NO;
				CLANG_ANALYZER_NONNULL = YES;
				CLANG_CXX_LANGUAGE_STANDARD = "gnu++0x";
				CLANG_CXX_LIBRARY = "libc++";
				CLANG_ENABLE_MODULES = YES;
				CLANG_ENABLE_OBJC_ARC = YES;
				CLANG_WARN_BOOL_CONVERSION = YES;
				CLANG_WARN_CONSTANT_CONVERSION = YES;
				CLANG_WARN_DIRECT_OBJC_ISA_USAGE = YES_ERROR;
				CLANG_WARN_DOCUMENTATION_COMMENTS = YES;
				CLANG_WARN_EMPTY_BODY = YES;
				CLANG_WARN_ENUM_CONVERSION = YES;
				CLANG_WARN_INFINITE_RECURSION = YES;
				CLANG_WARN_INT_CONVERSION = YES;
				CLANG_WARN_OBJC_ROOT_CLASS = YES_ERROR;
				CLANG_WARN_SUSPICIOUS_MOVES = YES;
				CLANG_WARN_UNREACHABLE_CODE = YES;
				CLANG_WARN__DUPLICATE_METHOD_MATCH = YES;
				"CODE_SIGN_IDENTITY[sdk=iphoneos*]" = "iPhone Developer";
				COPY_PHASE_STRIP = NO;
				CURRENT_PROJECT_VERSION = 1;
				DEBUG_INFORMATION_FORMAT = dwarf;
				ENABLE_STRICT_OBJC_MSGSEND = YES;
				ENABLE_TESTABILITY = YES;
				GCC_C_LANGUAGE_STANDARD = gnu99;
				GCC_DYNAMIC_NO_PIC = NO;
				GCC_NO_COMMON_BLOCKS = YES;
				GCC_OPTIMIZATION_LEVEL = 0;
				GCC_PREPROCESSOR_DEFINITIONS = (
					"DEBUG=1",
					"$(inherited)",
				);
				GCC_WARN_64_TO_32_BIT_CONVERSION = YES;
				GCC_WARN_ABOUT_RETURN_TYPE = YES_ERROR;
				GCC_WARN_UNDECLARED_SELECTOR = YES;
				GCC_WARN_UNINITIALIZED_AUTOS = YES_AGGRESSIVE;
				GCC_WARN_UNUSED_FUNCTION = YES;
				GCC_WARN_UNUSED_VARIABLE = YES;
				IPHONEOS_DEPLOYMENT_TARGET = 8.0;
				MTL_ENABLE_DEBUG_INFO = YES;
				ONLY_ACTIVE_ARCH = YES;
				SDKROOT = iphoneos;
				SWIFT_ACTIVE_COMPILATION_CONDITIONS = DEBUG;
				SWIFT_OPTIMIZATION_LEVEL = "-Onone";
				SWIFT_VERSION = 3.0.1;
				TARGETED_DEVICE_FAMILY = "1,2";
				VERSIONING_SYSTEM = "apple-generic";
				VERSION_INFO_PREFIX = "";
			};
			name = Debug;
		};
		4D870AB41DDAA0CD00575A28 /* Release */ = {
			isa = XCBuildConfiguration;
			buildSettings = {
				ALWAYS_SEARCH_USER_PATHS = NO;
				CLANG_ANALYZER_NONNULL = YES;
				CLANG_CXX_LANGUAGE_STANDARD = "gnu++0x";
				CLANG_CXX_LIBRARY = "libc++";
				CLANG_ENABLE_MODULES = YES;
				CLANG_ENABLE_OBJC_ARC = YES;
				CLANG_WARN_BOOL_CONVERSION = YES;
				CLANG_WARN_CONSTANT_CONVERSION = YES;
				CLANG_WARN_DIRECT_OBJC_ISA_USAGE = YES_ERROR;
				CLANG_WARN_DOCUMENTATION_COMMENTS = YES;
				CLANG_WARN_EMPTY_BODY = YES;
				CLANG_WARN_ENUM_CONVERSION = YES;
				CLANG_WARN_INFINITE_RECURSION = YES;
				CLANG_WARN_INT_CONVERSION = YES;
				CLANG_WARN_OBJC_ROOT_CLASS = YES_ERROR;
				CLANG_WARN_SUSPICIOUS_MOVES = YES;
				CLANG_WARN_UNREACHABLE_CODE = YES;
				CLANG_WARN__DUPLICATE_METHOD_MATCH = YES;
				"CODE_SIGN_IDENTITY[sdk=iphoneos*]" = "iPhone Developer";
				COPY_PHASE_STRIP = NO;
				CURRENT_PROJECT_VERSION = 1;
				DEBUG_INFORMATION_FORMAT = "dwarf-with-dsym";
				ENABLE_NS_ASSERTIONS = NO;
				ENABLE_STRICT_OBJC_MSGSEND = YES;
				GCC_C_LANGUAGE_STANDARD = gnu99;
				GCC_NO_COMMON_BLOCKS = YES;
				GCC_WARN_64_TO_32_BIT_CONVERSION = YES;
				GCC_WARN_ABOUT_RETURN_TYPE = YES_ERROR;
				GCC_WARN_UNDECLARED_SELECTOR = YES;
				GCC_WARN_UNINITIALIZED_AUTOS = YES_AGGRESSIVE;
				GCC_WARN_UNUSED_FUNCTION = YES;
				GCC_WARN_UNUSED_VARIABLE = YES;
				IPHONEOS_DEPLOYMENT_TARGET = 8.0;
				MTL_ENABLE_DEBUG_INFO = NO;
				SDKROOT = iphoneos;
				SWIFT_OPTIMIZATION_LEVEL = "-Owholemodule";
				SWIFT_VERSION = 3.0.1;
				TARGETED_DEVICE_FAMILY = "1,2";
				VALIDATE_PRODUCT = YES;
				VERSIONING_SYSTEM = "apple-generic";
				VERSION_INFO_PREFIX = "";
			};
			name = Release;
		};
		4D870AB61DDAA0CD00575A28 /* Debug */ = {
			isa = XCBuildConfiguration;
			buildSettings = {
				CLANG_ENABLE_MODULES = YES;
				CODE_SIGN_IDENTITY = "";
				DEFINES_MODULE = YES;
				DEVELOPMENT_TEAM = KW3G83N6K6;
				DYLIB_COMPATIBILITY_VERSION = 1;
				DYLIB_CURRENT_VERSION = 1;
				DYLIB_INSTALL_NAME_BASE = "@rpath";
				INFOPLIST_FILE = PullToDismiss/Info.plist;
				INSTALL_PATH = "$(LOCAL_LIBRARY_DIR)/Frameworks";
				LD_RUNPATH_SEARCH_PATHS = "$(inherited) @executable_path/Frameworks @loader_path/Frameworks";
				PRODUCT_BUNDLE_IDENTIFIER = "-.PullToDismiss";
				PRODUCT_NAME = "$(TARGET_NAME)";
				SKIP_INSTALL = YES;
				SWIFT_OPTIMIZATION_LEVEL = "-Onone";
				SWIFT_VERSION = 3.0.1;
			};
			name = Debug;
		};
		4D870AB71DDAA0CD00575A28 /* Release */ = {
			isa = XCBuildConfiguration;
			buildSettings = {
				CLANG_ENABLE_MODULES = YES;
				CODE_SIGN_IDENTITY = "";
				DEFINES_MODULE = YES;
				DEVELOPMENT_TEAM = KW3G83N6K6;
				DYLIB_COMPATIBILITY_VERSION = 1;
				DYLIB_CURRENT_VERSION = 1;
				DYLIB_INSTALL_NAME_BASE = "@rpath";
				INFOPLIST_FILE = PullToDismiss/Info.plist;
				INSTALL_PATH = "$(LOCAL_LIBRARY_DIR)/Frameworks";
				LD_RUNPATH_SEARCH_PATHS = "$(inherited) @executable_path/Frameworks @loader_path/Frameworks";
				PRODUCT_BUNDLE_IDENTIFIER = "-.PullToDismiss";
				PRODUCT_NAME = "$(TARGET_NAME)";
				SKIP_INSTALL = YES;
				SWIFT_VERSION = 3.0.1;
			};
			name = Release;
		};
		4D870AB91DDAA0CD00575A28 /* Debug */ = {
			isa = XCBuildConfiguration;
			buildSettings = {
				ALWAYS_EMBED_SWIFT_STANDARD_LIBRARIES = YES;
				DEVELOPMENT_TEAM = KW3G83N6K6;
				INFOPLIST_FILE = PullToDismissTests/Info.plist;
				LD_RUNPATH_SEARCH_PATHS = "$(inherited) @executable_path/Frameworks @loader_path/Frameworks";
				PRODUCT_BUNDLE_IDENTIFIER = "-.PullToDismissTests";
				PRODUCT_NAME = "$(TARGET_NAME)";
				SWIFT_VERSION = 3.0.1;
			};
			name = Debug;
		};
		4D870ABA1DDAA0CD00575A28 /* Release */ = {
			isa = XCBuildConfiguration;
			buildSettings = {
				ALWAYS_EMBED_SWIFT_STANDARD_LIBRARIES = YES;
				DEVELOPMENT_TEAM = KW3G83N6K6;
				INFOPLIST_FILE = PullToDismissTests/Info.plist;
				LD_RUNPATH_SEARCH_PATHS = "$(inherited) @executable_path/Frameworks @loader_path/Frameworks";
				PRODUCT_BUNDLE_IDENTIFIER = "-.PullToDismissTests";
				PRODUCT_NAME = "$(TARGET_NAME)";
				SWIFT_VERSION = 3.0.1;
			};
			name = Release;
		};
/* End XCBuildConfiguration section */

/* Begin XCConfigurationList section */
		4D870A9B1DDAA0CD00575A28 /* Build configuration list for PBXProject "PullToDismiss" */ = {
			isa = XCConfigurationList;
			buildConfigurations = (
				4D870AB31DDAA0CD00575A28 /* Debug */,
				4D870AB41DDAA0CD00575A28 /* Release */,
			);
			defaultConfigurationIsVisible = 0;
			defaultConfigurationName = Release;
		};
		4D870AB51DDAA0CD00575A28 /* Build configuration list for PBXNativeTarget "PullToDismiss" */ = {
			isa = XCConfigurationList;
			buildConfigurations = (
				4D870AB61DDAA0CD00575A28 /* Debug */,
				4D870AB71DDAA0CD00575A28 /* Release */,
			);
			defaultConfigurationIsVisible = 0;
			defaultConfigurationName = Release;
		};
		4D870AB81DDAA0CD00575A28 /* Build configuration list for PBXNativeTarget "PullToDismissTests" */ = {
			isa = XCConfigurationList;
			buildConfigurations = (
				4D870AB91DDAA0CD00575A28 /* Debug */,
				4D870ABA1DDAA0CD00575A28 /* Release */,
			);
			defaultConfigurationIsVisible = 0;
			defaultConfigurationName = Release;
		};
/* End XCConfigurationList section */
	};
	rootObject = 4D870A981DDAA0CD00575A28 /* Project object */;
}
